
Microsoft Visual Studio Solution File, Format Version 12.00
# Visual Studio 15
VisualStudioVersion = 15.0.27703.2042
MinimumVisualStudioVersion = 10.0.40219.1
Project("{FAE04EC0-301F-11D3-BF4B-00C04F79EFBC}") = "ConsoleApp2", "ConsoleApp2\ConsoleApp2.csproj", "{AF779153-529D-4566-8555-4F97B158EB5E}"
EndProject
Global
	GlobalSection(SolutionConfigurationPlatforms) = preSolution
		Debug|Any CPU = Debug|Any CPU
		Release|Any CPU = Release|Any CPU
	EndGlobalSection
	GlobalSection(ProjectConfigurationPlatforms) = postSolution
		{AF779153-529D-4566-8555-4F97B158EB5E}.Debug|Any CPU.ActiveCfg = Debug|Any CPU
		{AF779153-529D-4566-8555-4F97B158EB5E}.Debug|Any CPU.Build.0 = Debug|Any CPU
		{AF779153-529D-4566-8555-4F97B158EB5E}.Release|Any CPU.ActiveCfg = Release|Any CPU
		{AF779153-529D-4566-8555-4F97B158EB5E}.Release|Any CPU.Build.0 = Release|Any CPU
	EndGlobalSection
	GlobalSection(SolutionProperties) = preSolution
		HideSolutionNode = FALSE
	EndGlobalSection
	GlobalSection(ExtensibilityGlobals) = postSolution
		SolutionGuid = {53606BAD-7F88-4324-A1EF-AD3D82676AC4}
	EndGlobalSection
EndGlobal
